// !$*UTF8*$!
{
	archiveVersion = 1;
	classes = {
	};
	objectVersion = 56;
	objects = {

/* Begin PBXBuildFile section */
		019CEE372A35CFB300AEA936 /* PhPickerView.swift in Sources */ = {isa = PBXBuildFile; fileRef = 019CEE362A35CFB300AEA936 /* PhPickerView.swift */; };
		6580A0362A339AA1001CACD3 /* Application.swift in Sources */ = {isa = PBXBuildFile; fileRef = 6580A0352A339AA1001CACD3 /* Application.swift */; };
		6580A03A2A339AA2001CACD3 /* Assets.xcassets in Resources */ = {isa = PBXBuildFile; fileRef = 6580A0392A339AA2001CACD3 /* Assets.xcassets */; };
		6580A03D2A339AA2001CACD3 /* Preview Assets.xcassets in Resources */ = {isa = PBXBuildFile; fileRef = 6580A03C2A339AA2001CACD3 /* Preview Assets.xcassets */; };
		6580A0442A339AFA001CACD3 /* Game Seer.mlmodel in Sources */ = {isa = PBXBuildFile; fileRef = 6580A0432A339AFA001CACD3 /* Game Seer.mlmodel */; };
		6580A0472A339B75001CACD3 /* ChooserGameScreen.swift in Sources */ = {isa = PBXBuildFile; fileRef = 6580A0462A339B75001CACD3 /* ChooserGameScreen.swift */; };
		6580A04A2A339B8E001CACD3 /* InfoGameScreen.swift in Sources */ = {isa = PBXBuildFile; fileRef = 6580A0492A339B8E001CACD3 /* InfoGameScreen.swift */; };
		6580A04D2A339E5F001CACD3 /* CoreMLService.swift in Sources */ = {isa = PBXBuildFile; fileRef = 6580A04C2A339E5F001CACD3 /* CoreMLService.swift */; };
		6580A0512A33A807001CACD3 /* Game.swift in Sources */ = {isa = PBXBuildFile; fileRef = 6580A0502A33A807001CACD3 /* Game.swift */; };
		6580A0542A33AAB5001CACD3 /* GamesService.swift in Sources */ = {isa = PBXBuildFile; fileRef = 6580A0532A33AAB5001CACD3 /* GamesService.swift */; };
		6580A0562A33B2E1001CACD3 /* GameDto.swift in Sources */ = {isa = PBXBuildFile; fileRef = 6580A0552A33B2E1001CACD3 /* GameDto.swift */; };
/* End PBXBuildFile section */

/* Begin PBXFileReference section */
		019CEE362A35CFB300AEA936 /* PhPickerView.swift */ = {isa = PBXFileReference; lastKnownFileType = sourcecode.swift; path = PhPickerView.swift; sourceTree = "<group>"; };
		6580A0322A339AA1001CACD3 /* Game Seer.app */ = {isa = PBXFileReference; explicitFileType = wrapper.application; includeInIndex = 0; path = "Game Seer.app"; sourceTree = BUILT_PRODUCTS_DIR; };
		6580A0352A339AA1001CACD3 /* Application.swift */ = {isa = PBXFileReference; lastKnownFileType = sourcecode.swift; path = Application.swift; sourceTree = "<group>"; };
		6580A0392A339AA2001CACD3 /* Assets.xcassets */ = {isa = PBXFileReference; lastKnownFileType = folder.assetcatalog; path = Assets.xcassets; sourceTree = "<group>"; };
		6580A03C2A339AA2001CACD3 /* Preview Assets.xcassets */ = {isa = PBXFileReference; lastKnownFileType = folder.assetcatalog; path = "Preview Assets.xcassets"; sourceTree = "<group>"; };
		6580A0432A339AFA001CACD3 /* Game Seer.mlmodel */ = {isa = PBXFileReference; lastKnownFileType = file.mlmodel; path = "Game Seer.mlmodel"; sourceTree = "<group>"; };
		6580A0462A339B75001CACD3 /* ChooserGameScreen.swift */ = {isa = PBXFileReference; lastKnownFileType = sourcecode.swift; path = ChooserGameScreen.swift; sourceTree = "<group>"; };
		6580A0492A339B8E001CACD3 /* InfoGameScreen.swift */ = {isa = PBXFileReference; lastKnownFileType = sourcecode.swift; path = InfoGameScreen.swift; sourceTree = "<group>"; };
		6580A04C2A339E5F001CACD3 /* CoreMLService.swift */ = {isa = PBXFileReference; fileEncoding = 4; lastKnownFileType = sourcecode.swift; path = CoreMLService.swift; sourceTree = "<group>"; };
		6580A0502A33A807001CACD3 /* Game.swift */ = {isa = PBXFileReference; lastKnownFileType = sourcecode.swift; path = Game.swift; sourceTree = "<group>"; };
		6580A0532A33AAB5001CACD3 /* GamesService.swift */ = {isa = PBXFileReference; lastKnownFileType = sourcecode.swift; path = GamesService.swift; sourceTree = "<group>"; };
		6580A0552A33B2E1001CACD3 /* GameDto.swift */ = {isa = PBXFileReference; lastKnownFileType = sourcecode.swift; path = GameDto.swift; sourceTree = "<group>"; };
/* End PBXFileReference section */

/* Begin PBXFrameworksBuildPhase section */
		6580A02F2A339AA1001CACD3 /* Frameworks */ = {
			isa = PBXFrameworksBuildPhase;
			buildActionMask = 2147483647;
			files = (
			);
			runOnlyForDeploymentPostprocessing = 0;
		};
/* End PBXFrameworksBuildPhase section */

/* Begin PBXGroup section */
		019CEE352A35CF6800AEA936 /* PhotoPickerView */ = {
			isa = PBXGroup;
			children = (
				019CEE362A35CFB300AEA936 /* PhPickerView.swift */,
			);
			path = PhotoPickerView;
			sourceTree = "<group>";
		};
		6580A0292A339AA1001CACD3 = {
			isa = PBXGroup;
			children = (
				6580A0342A339AA1001CACD3 /* Game Seer */,
				6580A0332A339AA1001CACD3 /* Products */,
			);
			sourceTree = "<group>";
		};
		6580A0332A339AA1001CACD3 /* Products */ = {
			isa = PBXGroup;
			children = (
				6580A0322A339AA1001CACD3 /* Game Seer.app */,
			);
			name = Products;
			sourceTree = "<group>";
		};
		6580A0342A339AA1001CACD3 /* Game Seer */ = {
			isa = PBXGroup;
			children = (
				019CEE352A35CF6800AEA936 /* PhotoPickerView */,
				6580A0522A33A80E001CACD3 /* Models */,
				6580A04B2A339E5F001CACD3 /* Services */,
				6580A0452A339B6A001CACD3 /* Screens */,
				6580A0432A339AFA001CACD3 /* Game Seer.mlmodel */,
				6580A0352A339AA1001CACD3 /* Application.swift */,
				6580A0392A339AA2001CACD3 /* Assets.xcassets */,
				6580A03B2A339AA2001CACD3 /* Preview Content */,
			);
			path = "Game Seer";
			sourceTree = "<group>";
		};
		6580A03B2A339AA2001CACD3 /* Preview Content */ = {
			isa = PBXGroup;
			children = (
				6580A03C2A339AA2001CACD3 /* Preview Assets.xcassets */,
			);
			path = "Preview Content";
			sourceTree = "<group>";
		};
		6580A0452A339B6A001CACD3 /* Screens */ = {
			isa = PBXGroup;
			children = (
				6580A0462A339B75001CACD3 /* ChooserGameScreen.swift */,
				6580A0492A339B8E001CACD3 /* InfoGameScreen.swift */,
			);
			path = Screens;
			sourceTree = "<group>";
		};
		6580A04B2A339E5F001CACD3 /* Services */ = {
			isa = PBXGroup;
			children = (
				6580A04C2A339E5F001CACD3 /* CoreMLService.swift */,
				6580A0532A33AAB5001CACD3 /* GamesService.swift */,
			);
			path = Services;
			sourceTree = "<group>";
		};
		6580A0522A33A80E001CACD3 /* Models */ = {
			isa = PBXGroup;
			children = (
				6580A0502A33A807001CACD3 /* Game.swift */,
				6580A0552A33B2E1001CACD3 /* GameDto.swift */,
			);
			path = Models;
			sourceTree = "<group>";
		};
/* End PBXGroup section */

/* Begin PBXNativeTarget section */
		6580A0312A339AA1001CACD3 /* Game Seer */ = {
			isa = PBXNativeTarget;
			buildConfigurationList = 6580A0402A339AA2001CACD3 /* Build configuration list for PBXNativeTarget "Game Seer" */;
			buildPhases = (
				6580A02E2A339AA1001CACD3 /* Sources */,
				6580A02F2A339AA1001CACD3 /* Frameworks */,
				6580A0302A339AA1001CACD3 /* Resources */,
			);
			buildRules = (
			);
			dependencies = (
			);
			name = "Game Seer";
			productName = "Game Seer";
			productReference = 6580A0322A339AA1001CACD3 /* Game Seer.app */;
			productType = "com.apple.product-type.application";
		};
/* End PBXNativeTarget section */

/* Begin PBXProject section */
		6580A02A2A339AA1001CACD3 /* Project object */ = {
			isa = PBXProject;
			attributes = {
				BuildIndependentTargetsInParallel = 1;
				LastSwiftUpdateCheck = 1430;
				LastUpgradeCheck = 1430;
				TargetAttributes = {
					6580A0312A339AA1001CACD3 = {
						CreatedOnToolsVersion = 14.3;
					};
				};
			};
			buildConfigurationList = 6580A02D2A339AA1001CACD3 /* Build configuration list for PBXProject "Game Seer" */;
			compatibilityVersion = "Xcode 14.0";
			developmentRegion = en;
			hasScannedForEncodings = 0;
			knownRegions = (
				en,
				Base,
			);
			mainGroup = 6580A0292A339AA1001CACD3;
			productRefGroup = 6580A0332A339AA1001CACD3 /* Products */;
			projectDirPath = "";
			projectRoot = "";
			targets = (
				6580A0312A339AA1001CACD3 /* Game Seer */,
			);
		};
/* End PBXProject section */

/* Begin PBXResourcesBuildPhase section */
		6580A0302A339AA1001CACD3 /* Resources */ = {
			isa = PBXResourcesBuildPhase;
			buildActionMask = 2147483647;
			files = (
				6580A03D2A339AA2001CACD3 /* Preview Assets.xcassets in Resources */,
				6580A03A2A339AA2001CACD3 /* Assets.xcassets in Resources */,
			);
			runOnlyForDeploymentPostprocessing = 0;
		};
/* End PBXResourcesBuildPhase section */

/* Begin PBXSourcesBuildPhase section */
		6580A02E2A339AA1001CACD3 /* Sources */ = {
			isa = PBXSourcesBuildPhase;
			buildActionMask = 2147483647;
			files = (
				6580A0442A339AFA001CACD3 /* Game Seer.mlmodel in Sources */,
				6580A0562A33B2E1001CACD3 /* GameDto.swift in Sources */,
				6580A0512A33A807001CACD3 /* Game.swift in Sources */,
				6580A0542A33AAB5001CACD3 /* GamesService.swift in Sources */,
				019CEE372A35CFB300AEA936 /* PhPickerView.swift in Sources */,
				6580A0362A339AA1001CACD3 /* Application.swift in Sources */,
				6580A0472A339B75001CACD3 /* ChooserGameScreen.swift in Sources */,
				6580A04D2A339E5F001CACD3 /* CoreMLService.swift in Sources */,
				6580A04A2A339B8E001CACD3 /* InfoGameScreen.swift in Sources */,
			);
			runOnlyForDeploymentPostprocessing = 0;
		};
/* End PBXSourcesBuildPhase section */

/* Begin XCBuildConfiguration section */
		6580A03E2A339AA2001CACD3 /* Debug */ = {
			isa = XCBuildConfiguration;
			buildSettings = {
				ALWAYS_SEARCH_USER_PATHS = NO;
				CLANG_ANALYZER_NONNULL = YES;
				CLANG_ANALYZER_NUMBER_OBJECT_CONVERSION = YES_AGGRESSIVE;
				CLANG_CXX_LANGUAGE_STANDARD = "gnu++20";
				CLANG_ENABLE_MODULES = YES;
				CLANG_ENABLE_OBJC_ARC = YES;
				CLANG_ENABLE_OBJC_WEAK = YES;
				CLANG_WARN_BLOCK_CAPTURE_AUTORELEASING = YES;
				CLANG_WARN_BOOL_CONVERSION = YES;
				CLANG_WARN_COMMA = YES;
				CLANG_WARN_CONSTANT_CONVERSION = YES;
				CLANG_WARN_DEPRECATED_OBJC_IMPLEMENTATIONS = YES;
				CLANG_WARN_DIRECT_OBJC_ISA_USAGE = YES_ERROR;
				CLANG_WARN_DOCUMENTATION_COMMENTS = YES;
				CLANG_WARN_EMPTY_BODY = YES;
				CLANG_WARN_ENUM_CONVERSION = YES;
				CLANG_WARN_INFINITE_RECURSION = YES;
				CLANG_WARN_INT_CONVERSION = YES;
				CLANG_WARN_NON_LITERAL_NULL_CONVERSION = YES;
				CLANG_WARN_OBJC_IMPLICIT_RETAIN_SELF = YES;
				CLANG_WARN_OBJC_LITERAL_CONVERSION = YES;
				CLANG_WARN_OBJC_ROOT_CLASS = YES_ERROR;
				CLANG_WARN_QUOTED_INCLUDE_IN_FRAMEWORK_HEADER = YES;
				CLANG_WARN_RANGE_LOOP_ANALYSIS = YES;
				CLANG_WARN_STRICT_PROTOTYPES = YES;
				CLANG_WARN_SUSPICIOUS_MOVE = YES;
				CLANG_WARN_UNGUARDED_AVAILABILITY = YES_AGGRESSIVE;
				CLANG_WARN_UNREACHABLE_CODE = YES;
				CLANG_WARN__DUPLICATE_METHOD_MATCH = YES;
				COPY_PHASE_STRIP = NO;
				DEBUG_INFORMATION_FORMAT = dwarf;
				ENABLE_STRICT_OBJC_MSGSEND = YES;
				ENABLE_TESTABILITY = YES;
				GCC_C_LANGUAGE_STANDARD = gnu11;
				GCC_DYNAMIC_NO_PIC = NO;
				GCC_NO_COMMON_BLOCKS = YES;
				GCC_OPTIMIZATION_LEVEL = 0;
				GCC_PREPROCESSOR_DEFINITIONS = (
					"DEBUG=1",
					"$(inherited)",
				);
				GCC_WARN_64_TO_32_BIT_CONVERSION = YES;
				GCC_WARN_ABOUT_RETURN_TYPE = YES_ERROR;
				GCC_WARN_UNDECLARED_SELECTOR = YES;
				GCC_WARN_UNINITIALIZED_AUTOS = YES_AGGRESSIVE;
				GCC_WARN_UNUSED_FUNCTION = YES;
				GCC_WARN_UNUSED_VARIABLE = YES;
				IPHONEOS_DEPLOYMENT_TARGET = 16.0;
				MTL_ENABLE_DEBUG_INFO = INCLUDE_SOURCE;
				MTL_FAST_MATH = YES;
				ONLY_ACTIVE_ARCH = YES;
				SDKROOT = iphoneos;
				SWIFT_ACTIVE_COMPILATION_CONDITIONS = DEBUG;
				SWIFT_OPTIMIZATION_LEVEL = "-Onone";
			};
			name = Debug;
		};
		6580A03F2A339AA2001CACD3 /* Release */ = {
			isa = XCBuildConfiguration;
			buildSettings = {
				ALWAYS_SEARCH_USER_PATHS = NO;
				CLANG_ANALYZER_NONNULL = YES;
				CLANG_ANALYZER_NUMBER_OBJECT_CONVERSION = YES_AGGRESSIVE;
				CLANG_CXX_LANGUAGE_STANDARD = "gnu++20";
				CLANG_ENABLE_MODULES = YES;
				CLANG_ENABLE_OBJC_ARC = YES;
				CLANG_ENABLE_OBJC_WEAK = YES;
				CLANG_WARN_BLOCK_CAPTURE_AUTORELEASING = YES;
				CLANG_WARN_BOOL_CONVERSION = YES;
				CLANG_WARN_COMMA = YES;
				CLANG_WARN_CONSTANT_CONVERSION = YES;
				CLANG_WARN_DEPRECATED_OBJC_IMPLEMENTATIONS = YES;
				CLANG_WARN_DIRECT_OBJC_ISA_USAGE = YES_ERROR;
				CLANG_WARN_DOCUMENTATION_COMMENTS = YES;
				CLANG_WARN_EMPTY_BODY = YES;
				CLANG_WARN_ENUM_CONVERSION = YES;
				CLANG_WARN_INFINITE_RECURSION = YES;
				CLANG_WARN_INT_CONVERSION = YES;
				CLANG_WARN_NON_LITERAL_NULL_CONVERSION = YES;
				CLANG_WARN_OBJC_IMPLICIT_RETAIN_SELF = YES;
				CLANG_WARN_OBJC_LITERAL_CONVERSION = YES;
				CLANG_WARN_OBJC_ROOT_CLASS = YES_ERROR;
				CLANG_WARN_QUOTED_INCLUDE_IN_FRAMEWORK_HEADER = YES;
				CLANG_WARN_RANGE_LOOP_ANALYSIS = YES;
				CLANG_WARN_STRICT_PROTOTYPES = YES;
				CLANG_WARN_SUSPICIOUS_MOVE = YES;
				CLANG_WARN_UNGUARDED_AVAILABILITY = YES_AGGRESSIVE;
				CLANG_WARN_UNREACHABLE_CODE = YES;
				CLANG_WARN__DUPLICATE_METHOD_MATCH = YES;
				COPY_PHASE_STRIP = NO;
				DEBUG_INFORMATION_FORMAT = "dwarf-with-dsym";
				ENABLE_NS_ASSERTIONS = NO;
				ENABLE_STRICT_OBJC_MSGSEND = YES;
				GCC_C_LANGUAGE_STANDARD = gnu11;
				GCC_NO_COMMON_BLOCKS = YES;
				GCC_WARN_64_TO_32_BIT_CONVERSION = YES;
				GCC_WARN_ABOUT_RETURN_TYPE = YES_ERROR;
				GCC_WARN_UNDECLARED_SELECTOR = YES;
				GCC_WARN_UNINITIALIZED_AUTOS = YES_AGGRESSIVE;
				GCC_WARN_UNUSED_FUNCTION = YES;
				GCC_WARN_UNUSED_VARIABLE = YES;
				IPHONEOS_DEPLOYMENT_TARGET = 16.0;
				MTL_ENABLE_DEBUG_INFO = NO;
				MTL_FAST_MATH = YES;
				SDKROOT = iphoneos;
				SWIFT_COMPILATION_MODE = wholemodule;
				SWIFT_OPTIMIZATION_LEVEL = "-O";
				VALIDATE_PRODUCT = YES;
			};
			name = Release;
		};
		6580A0412A339AA2001CACD3 /* Debug */ = {
			isa = XCBuildConfiguration;
			buildSettings = {
				ASSETCATALOG_COMPILER_APPICON_NAME = AppIcon;
				ASSETCATALOG_COMPILER_GLOBAL_ACCENT_COLOR_NAME = AccentColor;
				CODE_SIGN_STYLE = Automatic;
				CURRENT_PROJECT_VERSION = 1;
				DEVELOPMENT_ASSET_PATHS = "\"Game Seer/Preview Content\"";
				DEVELOPMENT_TEAM = VNU8KKW4GG;
				ENABLE_PREVIEWS = YES;
				GENERATE_INFOPLIST_FILE = YES;
				INFOPLIST_KEY_NSCameraUsageDescription = "$(PRODUCT_NAME) Need camera to make photos for image classificatio directly from the app";
				INFOPLIST_KEY_UIApplicationSceneManifest_Generation = YES;
				INFOPLIST_KEY_UIApplicationSupportsIndirectInputEvents = YES;
				INFOPLIST_KEY_UILaunchScreen_Generation = YES;
				INFOPLIST_KEY_UISupportedInterfaceOrientations_iPad = "UIInterfaceOrientationPortrait UIInterfaceOrientationPortraitUpsideDown UIInterfaceOrientationLandscapeLeft UIInterfaceOrientationLandscapeRight";
				INFOPLIST_KEY_UISupportedInterfaceOrientations_iPhone = "UIInterfaceOrientationPortrait UIInterfaceOrientationLandscapeLeft UIInterfaceOrientationLandscapeRight";
				IPHONEOS_DEPLOYMENT_TARGET = 16.0;
				LD_RUNPATH_SEARCH_PATHS = (
					"$(inherited)",
					"@executable_path/Frameworks",
				);
				MARKETING_VERSION = 1.0;
				PRODUCT_BUNDLE_IDENTIFIER = ua.ukme.edy.GameSeer;
				PRODUCT_NAME = "$(TARGET_NAME)";
				SWIFT_EMIT_LOC_STRINGS = YES;
				SWIFT_VERSION = 5.0;
				TARGETED_DEVICE_FAMILY = "1,2";
			};
			name = Debug;
		};
		6580A0422A339AA2001CACD3 /* Release */ = {
			isa = XCBuildConfiguration;
			buildSettings = {
				ASSETCATALOG_COMPILER_APPICON_NAME = AppIcon;
				ASSETCATALOG_COMPILER_GLOBAL_ACCENT_COLOR_NAME = AccentColor;
				CODE_SIGN_STYLE = Automatic;
				CURRENT_PROJECT_VERSION = 1;
				DEVELOPMENT_ASSET_PATHS = "\"Game Seer/Preview Content\"";
				DEVELOPMENT_TEAM = VNU8KKW4GG;
				ENABLE_PREVIEWS = YES;
				GENERATE_INFOPLIST_FILE = YES;
				INFOPLIST_KEY_NSCameraUsageDescription = "$(PRODUCT_NAME) Need camera to make photos for image classificatio directly from the app";
				INFOPLIST_KEY_UIApplicationSceneManifest_Generation = YES;
				INFOPLIST_KEY_UIApplicationSupportsIndirectInputEvents = YES;
				INFOPLIST_KEY_UILaunchScreen_Generation = YES;
				INFOPLIST_KEY_UISupportedInterfaceOrientations_iPad = "UIInterfaceOrientationPortrait UIInterfaceOrientationPortraitUpsideDown UIInterfaceOrientationLandscapeLeft UIInterfaceOrientationLandscapeRight";
				INFOPLIST_KEY_UISupportedInterfaceOrientations_iPhone = "UIInterfaceOrientationPortrait UIInterfaceOrientationLandscapeLeft UIInterfaceOrientationLandscapeRight";
				IPHONEOS_DEPLOYMENT_TARGET = 16.0;
				LD_RUNPATH_SEARCH_PATHS = (
					"$(inherited)",
					"@executable_path/Frameworks",
				);
				MARKETING_VERSION = 1.0;
				PRODUCT_BUNDLE_IDENTIFIER = ua.ukme.edy.GameSeer;
				PRODUCT_NAME = "$(TARGET_NAME)";
				SWIFT_EMIT_LOC_STRINGS = YES;
				SWIFT_VERSION = 5.0;
				TARGETED_DEVICE_FAMILY = "1,2";
			};
			name = Release;
		};
/* End XCBuildConfiguration section */

/* Begin XCConfigurationList section */
		6580A02D2A339AA1001CACD3 /* Build configuration list for PBXProject "Game Seer" */ = {
			isa = XCConfigurationList;
			buildConfigurations = (
				6580A03E2A339AA2001CACD3 /* Debug */,
				6580A03F2A339AA2001CACD3 /* Release */,
			);
			defaultConfigurationIsVisible = 0;
			defaultConfigurationName = Release;
		};
		6580A0402A339AA2001CACD3 /* Build configuration list for PBXNativeTarget "Game Seer" */ = {
			isa = XCConfigurationList;
			buildConfigurations = (
				6580A0412A339AA2001CACD3 /* Debug */,
				6580A0422A339AA2001CACD3 /* Release */,
			);
			defaultConfigurationIsVisible = 0;
			defaultConfigurationName = Release;
		};
/* End XCConfigurationList section */
	};
	rootObject = 6580A02A2A339AA1001CACD3 /* Project object */;
}
